dependencies:
- name: nomex
  repository: https://charts.slim.cnvrg.io/cnvrg
  version: 2.0.0
- name: mpi
  repository: https://charts.slim.cnvrg.io/cnvrg
  version: 0.2.3
- name: cvatdbs
  repository: https://charts.slim.cnvrg.io/cnvrg
  version: 1.0.0
digest: sha256:873ffcf4a714f915e7f67358a5c9832afcb2acc50e4620d9abc3190e9b7a4632
generated: "2024-06-17T13:46:42.215402+03:00"
