dependencies:
- name: nomex
  repository: https://charts.slim.cnvrg.io/cnvrg
  version: 2.0.0
- name: mpi
  repository: https://charts.slim.cnvrg.io/cnvrg
  version: 0.2.3
- name: cvatdbs
  repository: https://charts.slim.cnvrg.io/cnvrg
  version: 1.0.0
- name: metastorageprovisioner
  repository: file://../metastorageprovisioner
  version: 5.1.0
digest: sha256:ed3288e6e029ab1fcd80cfb474c96055d7d075e0440b6b21b83512c9be153e86
generated: "2024-08-08T15:20:10.335775+03:00"
