dependencies:
- name: nomex
  repository: https://charts.slim.cnvrg.io/cnvrg
  version: 2.0.0
- name: mpi
  repository: https://charts.slim.cnvrg.io/cnvrg
  version: 0.2.3
- name: cvatdbs
  repository: https://charts.slim.cnvrg.io/cnvrg
  version: 1.0.0
- name: metastorageprovisioner
  repository: https://charts.slim.cnvrg.io/cnvrg
  version: 1.0.0
digest: sha256:2ac77f395b4b9b9294f26328e57ff8e96479d75657ba5a8085e6ccee823368b4
generated: "2024-08-20T13:17:06.105285+03:00"
